
Microsoft Visual Studio Solution File, Format Version 12.00
# Visual Studio Version 16
VisualStudioVersion = 16.0.30330.147
MinimumVisualStudioVersion = 10.0.40219.1
Project("{FAE04EC0-301F-11D3-BF4B-00C04F79EFBC}") = "dotnet-core-api-with-mongodb", "dotnet-core-api-with-mongodb\dotnet-core-api-with-mongodb.csproj", "{1B329E75-77A2-4AC6-9ED3-9039D1B0A43B}"
EndProject
Global
	GlobalSection(SolutionConfigurationPlatforms) = preSolution
		Debug|Any CPU = Debug|Any CPU
		Release|Any CPU = Release|Any CPU
	EndGlobalSection
	GlobalSection(ProjectConfigurationPlatforms) = postSolution
		{1B329E75-77A2-4AC6-9ED3-9039D1B0A43B}.Debug|Any CPU.ActiveCfg = Debug|Any CPU
		{1B329E75-77A2-4AC6-9ED3-9039D1B0A43B}.Debug|Any CPU.Build.0 = Debug|Any CPU
		{1B329E75-77A2-4AC6-9ED3-9039D1B0A43B}.Release|Any CPU.ActiveCfg = Release|Any CPU
		{1B329E75-77A2-4AC6-9ED3-9039D1B0A43B}.Release|Any CPU.Build.0 = Release|Any CPU
	EndGlobalSection
	GlobalSection(SolutionProperties) = preSolution
		HideSolutionNode = FALSE
	EndGlobalSection
	GlobalSection(ExtensibilityGlobals) = postSolution
		SolutionGuid = {68963F30-37D2-4ADD-AB7F-1E5F00B5F804}
	EndGlobalSection
EndGlobal
